// !$*UTF8*$!
{
	archiveVersion = 1;
	classes = {
	};
	objectVersion = 50;
	objects = {

/* Begin PBXFileReference section */
		5C1A648220D7EE30005A3908 /* FactoryPattern.playground */ = {isa = PBXFileReference; lastKnownFileType = file.playground; path = FactoryPattern.playground; sourceTree = "<group>"; xcLanguageSpecificationIdentifier = xcode.lang.swift; };
		5C1A648320D94DB5005A3908 /* AdapterPattern.playground */ = {isa = PBXFileReference; lastKnownFileType = file.playground; path = AdapterPattern.playground; sourceTree = "<group>"; xcLanguageSpecificationIdentifier = xcode.lang.swift; };
		5C1A648420DA9603005A3908 /* IteratorPattern.playground */ = {isa = PBXFileReference; lastKnownFileType = file.playground; path = IteratorPattern.playground; sourceTree = "<group>"; xcLanguageSpecificationIdentifier = xcode.lang.swift; };
		5C1A648520E133A6005A3908 /* PrototypePattern.playground */ = {isa = PBXFileReference; lastKnownFileType = file.playground; path = PrototypePattern.playground; sourceTree = "<group>"; xcLanguageSpecificationIdentifier = xcode.lang.swift; };
		5C1B6F7520CFDFD700ED837A /* StrategyPattern.playground */ = {isa = PBXFileReference; lastKnownFileType = file.playground; path = StrategyPattern.playground; sourceTree = "<group>"; xcLanguageSpecificationIdentifier = xcode.lang.swift; };
		5C1B6F7D20D0051900ED837A /* SingletonPattern.playground */ = {isa = PBXFileReference; lastKnownFileType = file.playground; path = SingletonPattern.playground; sourceTree = "<group>"; xcLanguageSpecificationIdentifier = xcode.lang.swift; };
		5C3B0F2820D0137E009D7930 /* MementoPattern.playground */ = {isa = PBXFileReference; lastKnownFileType = file.playground; path = MementoPattern.playground; sourceTree = "<group>"; xcLanguageSpecificationIdentifier = xcode.lang.swift; };
		5C5AF46F20D2A93900A89917 /* ObserverPattern.playground */ = {isa = PBXFileReference; lastKnownFileType = file.playground; path = ObserverPattern.playground; sourceTree = "<group>"; xcLanguageSpecificationIdentifier = xcode.lang.swift; };
		5C5AF47220D4014E00A89917 /* Builder Pattern.playground */ = {isa = PBXFileReference; lastKnownFileType = file.playground; path = "Builder Pattern.playground"; sourceTree = "<group>"; xcLanguageSpecificationIdentifier = xcode.lang.swift; };
/* End PBXFileReference section */

/* Begin PBXGroup section */
		5C1B6F6E20CFDFC300ED837A = {
			isa = PBXGroup;
			children = (
				5C1A648520E133A6005A3908 /* PrototypePattern.playground */,
				5C1A648420DA9603005A3908 /* IteratorPattern.playground */,
				5C1A648320D94DB5005A3908 /* AdapterPattern.playground */,
				5C1A648220D7EE30005A3908 /* FactoryPattern.playground */,
				5C5AF47220D4014E00A89917 /* Builder Pattern.playground */,
				5C5AF46F20D2A93900A89917 /* ObserverPattern.playground */,
				5C3B0F2820D0137E009D7930 /* MementoPattern.playground */,
				5C1B6F7D20D0051900ED837A /* SingletonPattern.playground */,
				5C1B6F7520CFDFD700ED837A /* StrategyPattern.playground */,
			);
			sourceTree = "<group>";
		};
/* End PBXGroup section */

/* Begin PBXProject section */
		5C1B6F6F20CFDFC300ED837A /* Project object */ = {
			isa = PBXProject;
			attributes = {
				LastUpgradeCheck = 1000;
			};
			buildConfigurationList = 5C1B6F7220CFDFC300ED837A /* Build configuration list for PBXProject "DesignPattern" */;
			compatibilityVersion = "Xcode 9.3";
			developmentRegion = en;
			hasScannedForEncodings = 0;
			knownRegions = (
				en,
			);
			mainGroup = 5C1B6F6E20CFDFC300ED837A;
			projectDirPath = "";
			projectRoot = "";
			targets = (
			);
		};
/* End PBXProject section */

/* Begin XCBuildConfiguration section */
		5C1B6F7320CFDFC300ED837A /* Debug */ = {
			isa = XCBuildConfiguration;
			buildSettings = {
			};
			name = Debug;
		};
		5C1B6F7420CFDFC300ED837A /* Release */ = {
			isa = XCBuildConfiguration;
			buildSettings = {
			};
			name = Release;
		};
/* End XCBuildConfiguration section */

/* Begin XCConfigurationList section */
		5C1B6F7220CFDFC300ED837A /* Build configuration list for PBXProject "DesignPattern" */ = {
			isa = XCConfigurationList;
			buildConfigurations = (
				5C1B6F7320CFDFC300ED837A /* Debug */,
				5C1B6F7420CFDFC300ED837A /* Release */,
			);
			defaultConfigurationIsVisible = 0;
			defaultConfigurationName = Release;
		};
/* End XCConfigurationList section */
	};
	rootObject = 5C1B6F6F20CFDFC300ED837A /* Project object */;
}
